
Microsoft Visual Studio Solution File, Format Version 12.00
# Visual Studio 15
VisualStudioVersion = 15.0.28307.779
MinimumVisualStudioVersion = 10.0.40219.1
Project("{FAE04EC0-301F-11D3-BF4B-00C04F79EFBC}") = "Logica", "Logica\Logica.csproj", "{3ECE9A7C-B61B-4224-8CF1-36CFF4682A24}"
EndProject
Project("{FAE04EC0-301F-11D3-BF4B-00C04F79EFBC}") = "Presentacion", "Presentacion\Presentacion.csproj", "{DF033EF8-7417-4078-9E8B-2D272A22600D}"
EndProject
Project("{FAE04EC0-301F-11D3-BF4B-00C04F79EFBC}") = "AccesoADatos", "AccesoADatos\AccesoADatos.csproj", "{671FD2C4-D448-4779-A751-1E1CBCE9B63E}"
EndProject
Project("{FAE04EC0-301F-11D3-BF4B-00C04F79EFBC}") = "Entidades", "Entidades\Entidades.csproj", "{D0978F73-BF0F-41DA-AA42-03AEBFF0A9B1}"
EndProject
Global
	GlobalSection(SolutionConfigurationPlatforms) = preSolution
		Debug|Any CPU = Debug|Any CPU
		Release|Any CPU = Release|Any CPU
	EndGlobalSection
	GlobalSection(ProjectConfigurationPlatforms) = postSolution
		{3ECE9A7C-B61B-4224-8CF1-36CFF4682A24}.Debug|Any CPU.ActiveCfg = Debug|Any CPU
		{3ECE9A7C-B61B-4224-8CF1-36CFF4682A24}.Debug|Any CPU.Build.0 = Debug|Any CPU
		{3ECE9A7C-B61B-4224-8CF1-36CFF4682A24}.Release|Any CPU.ActiveCfg = Release|Any CPU
		{3ECE9A7C-B61B-4224-8CF1-36CFF4682A24}.Release|Any CPU.Build.0 = Release|Any CPU
		{DF033EF8-7417-4078-9E8B-2D272A22600D}.Debug|Any CPU.ActiveCfg = Debug|Any CPU
		{DF033EF8-7417-4078-9E8B-2D272A22600D}.Debug|Any CPU.Build.0 = Debug|Any CPU
		{DF033EF8-7417-4078-9E8B-2D272A22600D}.Release|Any CPU.ActiveCfg = Release|Any CPU
		{DF033EF8-7417-4078-9E8B-2D272A22600D}.Release|Any CPU.Build.0 = Release|Any CPU
		{671FD2C4-D448-4779-A751-1E1CBCE9B63E}.Debug|Any CPU.ActiveCfg = Debug|Any CPU
		{671FD2C4-D448-4779-A751-1E1CBCE9B63E}.Debug|Any CPU.Build.0 = Debug|Any CPU
		{671FD2C4-D448-4779-A751-1E1CBCE9B63E}.Release|Any CPU.ActiveCfg = Release|Any CPU
		{671FD2C4-D448-4779-A751-1E1CBCE9B63E}.Release|Any CPU.Build.0 = Release|Any CPU
		{D0978F73-BF0F-41DA-AA42-03AEBFF0A9B1}.Debug|Any CPU.ActiveCfg = Debug|Any CPU
		{D0978F73-BF0F-41DA-AA42-03AEBFF0A9B1}.Debug|Any CPU.Build.0 = Debug|Any CPU
		{D0978F73-BF0F-41DA-AA42-03AEBFF0A9B1}.Release|Any CPU.ActiveCfg = Release|Any CPU
		{D0978F73-BF0F-41DA-AA42-03AEBFF0A9B1}.Release|Any CPU.Build.0 = Release|Any CPU
	EndGlobalSection
	GlobalSection(SolutionProperties) = preSolution
		HideSolutionNode = FALSE
	EndGlobalSection
	GlobalSection(ExtensibilityGlobals) = postSolution
		SolutionGuid = {816371B0-D289-41CA-A93F-4B184C0D7918}
	EndGlobalSection
EndGlobal
